Microsoft Visual Studio Solution File, Format Version 12.00
# Visual Studio Version 17
VisualStudioVersion = 17.0.31903.59
MinimumVisualStudioVersion = 10.0.40219.1
Project("{FAE04EC0-301F-11D3-BF4B-00C04F79EFBC}") = "PostTradeSystem.Api", "src\PostTradeSystem.Api\PostTradeSystem.Api.csproj", "{A1B2C3D4-E5F6-7890-ABCD-EF1234567890}"
EndProject
Project("{FAE04EC0-301F-11D3-BF4B-00C04F79EFBC}") = "PostTradeSystem.Core", "src\PostTradeSystem.Core\PostTradeSystem.Core.csproj", "{62E89150-83E7-4D30-A110-F2F698FF5685}"
EndProject
Project("{FAE04EC0-301F-11D3-BF4B-00C04F79EFBC}") = "PostTradeSystem.Infrastructure", "src\PostTradeSystem.Infrastructure\PostTradeSystem.Infrastructure.csproj", "{DAD969C2-E1C0-4454-82EE-E3147BCF3F94}"
EndProject
Project("{2150E333-8FDC-42A3-9474-1A3956D46DE8}") = "Tests", "Tests", "{F1E2D3C4-B5A6-9788-1234-567890ABCDEF}"
EndProject
Project("{FAE04EC0-301F-11D3-BF4B-00C04F79EFBC}") = "PostTradeSystem.Core.Tests", "tests\PostTradeSystem.Core.Tests\PostTradeSystem.Core.Tests.csproj", "{3C4D5E6F-7A8B-9C0D-1E2F-3A4B5C6D7E8F}"
EndProject
Project("{FAE04EC0-301F-11D3-BF4B-00C04F79EFBC}") = "PostTradeSystem.Infrastructure.Tests", "tests\PostTradeSystem.Infrastructure.Tests\PostTradeSystem.Infrastructure.Tests.csproj", "{4D5E6F7A-8B9C-0D1E-2F3A-4B5C6D7E8F9A}"
EndProject
Global
	GlobalSection(SolutionConfigurationPlatforms) = preSolution
		Debug|Any CPU = Debug|Any CPU
		Release|Any CPU = Release|Any CPU
	EndGlobalSection
	GlobalSection(ProjectConfigurationPlatforms) = postSolution
		{A1B2C3D4-E5F6-7890-ABCD-EF1234567890}.Debug|Any CPU.ActiveCfg = Debug|Any CPU
		{A1B2C3D4-E5F6-7890-ABCD-EF1234567890}.Debug|Any CPU.Build.0 = Debug|Any CPU
		{A1B2C3D4-E5F6-7890-ABCD-EF1234567890}.Release|Any CPU.ActiveCfg = Release|Any CPU
		{A1B2C3D4-E5F6-7890-ABCD-EF1234567890}.Release|Any CPU.Build.0 = Release|Any CPU
		{62E89150-83E7-4D30-A110-F2F698FF5685}.Debug|Any CPU.ActiveCfg = Debug|Any CPU
		{62E89150-83E7-4D30-A110-F2F698FF5685}.Debug|Any CPU.Build.0 = Debug|Any CPU
		{62E89150-83E7-4D30-A110-F2F698FF5685}.Release|Any CPU.ActiveCfg = Release|Any CPU
		{62E89150-83E7-4D30-A110-F2F698FF5685}.Release|Any CPU.Build.0 = Release|Any CPU
		{DAD969C2-E1C0-4454-82EE-E3147BCF3F94}.Debug|Any CPU.ActiveCfg = Debug|Any CPU
		{DAD969C2-E1C0-4454-82EE-E3147BCF3F94}.Debug|Any CPU.Build.0 = Debug|Any CPU
		{DAD969C2-E1C0-4454-82EE-E3147BCF3F94}.Release|Any CPU.ActiveCfg = Release|Any CPU
		{DAD969C2-E1C0-4454-82EE-E3147BCF3F94}.Release|Any CPU.Build.0 = Release|Any CPU
		{3C4D5E6F-7A8B-9C0D-1E2F-3A4B5C6D7E8F}.Debug|Any CPU.ActiveCfg = Debug|Any CPU
		{3C4D5E6F-7A8B-9C0D-1E2F-3A4B5C6D7E8F}.Debug|Any CPU.Build.0 = Debug|Any CPU
		{3C4D5E6F-7A8B-9C0D-1E2F-3A4B5C6D7E8F}.Release|Any CPU.ActiveCfg = Release|Any CPU
		{3C4D5E6F-7A8B-9C0D-1E2F-3A4B5C6D7E8F}.Release|Any CPU.Build.0 = Release|Any CPU
		{4D5E6F7A-8B9C-0D1E-2F3A-4B5C6D7E8F9A}.Debug|Any CPU.ActiveCfg = Debug|Any CPU
		{4D5E6F7A-8B9C-0D1E-2F3A-4B5C6D7E8F9A}.Debug|Any CPU.Build.0 = Debug|Any CPU
		{4D5E6F7A-8B9C-0D1E-2F3A-4B5C6D7E8F9A}.Release|Any CPU.ActiveCfg = Release|Any CPU
		{4D5E6F7A-8B9C-0D1E-2F3A-4B5C6D7E8F9A}.Release|Any CPU.Build.0 = Release|Any CPU
	EndGlobalSection
	GlobalSection(SolutionProperties) = preSolution
		HideSolutionNode = FALSE
	EndGlobalSection
	GlobalSection(NestedProjects) = preSolution
		{3C4D5E6F-7A8B-9C0D-1E2F-3A4B5C6D7E8F} = {F1E2D3C4-B5A6-9788-1234-567890ABCDEF}
		{4D5E6F7A-8B9C-0D1E-2F3A-4B5C6D7E8F9A} = {F1E2D3C4-B5A6-9788-1234-567890ABCDEF}
	EndGlobalSection
EndGlobal
